
Microsoft Visual Studio Solution File, Format Version 12.00
# Visual Studio 15
VisualStudioVersion = 15.0.26730.8
MinimumVisualStudioVersion = 10.0.40219.1
Project("{FAE04EC0-301F-11D3-BF4B-00C04F79EFBC}") = "ContosoUniversity", "ContosoUniversity\ContosoUniversity.csproj", "{4BCE3D2B-36EF-45FE-ACAB-FF972F7F4F49}"
EndProject
Project("{FAE04EC0-301F-11D3-BF4B-00C04F79EFBC}") = "ContosoUniversity.Tests", "ContosoUniversity.Tests\ContosoUniversity.Tests.csproj", "{89505B6D-AE31-4E98-8865-F8B3B3BA7FC3}"
EndProject
Global
	GlobalSection(SolutionConfigurationPlatforms) = preSolution
		Debug|Any CPU = Debug|Any CPU
		Release|Any CPU = Release|Any CPU
	EndGlobalSection
	GlobalSection(ProjectConfigurationPlatforms) = postSolution
		{4BCE3D2B-36EF-45FE-ACAB-FF972F7F4F49}.Debug|Any CPU.ActiveCfg = Debug|Any CPU
		{4BCE3D2B-36EF-45FE-ACAB-FF972F7F4F49}.Debug|Any CPU.Build.0 = Debug|Any CPU
		{4BCE3D2B-36EF-45FE-ACAB-FF972F7F4F49}.Release|Any CPU.ActiveCfg = Release|Any CPU
		{4BCE3D2B-36EF-45FE-ACAB-FF972F7F4F49}.Release|Any CPU.Build.0 = Release|Any CPU
		{89505B6D-AE31-4E98-8865-F8B3B3BA7FC3}.Debug|Any CPU.ActiveCfg = Debug|Any CPU
		{89505B6D-AE31-4E98-8865-F8B3B3BA7FC3}.Debug|Any CPU.Build.0 = Debug|Any CPU
		{89505B6D-AE31-4E98-8865-F8B3B3BA7FC3}.Release|Any CPU.ActiveCfg = Release|Any CPU
		{89505B6D-AE31-4E98-8865-F8B3B3BA7FC3}.Release|Any CPU.Build.0 = Release|Any CPU
	EndGlobalSection
	GlobalSection(SolutionProperties) = preSolution
		HideSolutionNode = FALSE
	EndGlobalSection
	GlobalSection(ExtensibilityGlobals) = postSolution
		SolutionGuid = {623ED7EC-23F9-4CEE-8C33-7AE6B3307325}
	EndGlobalSection
EndGlobal
